
Microsoft Visual Studio Solution File, Format Version 12.00
# Visual Studio Version 17
VisualStudioVersion = 17.11.35327.3
MinimumVisualStudioVersion = 10.0.40219.1
Project("{FAE04EC0-301F-11D3-BF4B-00C04F79EFBC}") = "Lab5", "Lab5\Lab5.csproj", "{F1C7EF74-079C-4408-91A7-7494AAF68955}"
EndProject
Global
	GlobalSection(SolutionConfigurationPlatforms) = preSolution
		Debug|Any CPU = Debug|Any CPU
		Release|Any CPU = Release|Any CPU
	EndGlobalSection
	GlobalSection(ProjectConfigurationPlatforms) = postSolution
		{F1C7EF74-079C-4408-91A7-7494AAF68955}.Debug|Any CPU.ActiveCfg = Debug|Any CPU
		{F1C7EF74-079C-4408-91A7-7494AAF68955}.Debug|Any CPU.Build.0 = Debug|Any CPU
		{F1C7EF74-079C-4408-91A7-7494AAF68955}.Release|Any CPU.ActiveCfg = Release|Any CPU
		{F1C7EF74-079C-4408-91A7-7494AAF68955}.Release|Any CPU.Build.0 = Release|Any CPU
	EndGlobalSection
	GlobalSection(SolutionProperties) = preSolution
		HideSolutionNode = FALSE
	EndGlobalSection
	GlobalSection(ExtensibilityGlobals) = postSolution
		SolutionGuid = {B12E5EE5-3966-4623-BE22-917FED9016A8}
	EndGlobalSection
EndGlobal
